
Microsoft Visual Studio Solution File, Format Version 12.00
# Visual Studio Version 17
VisualStudioVersion = 17.9.34728.123
MinimumVisualStudioVersion = 10.0.40219.1
Project("{FAE04EC0-301F-11D3-BF4B-00C04F79EFBC}") = "Elektroformel", "Elektroformel.csproj", "{C8982478-3C1A-4EF5-A5D5-E8C27E994761}"
EndProject
Global
	GlobalSection(SolutionConfigurationPlatforms) = preSolution
		Debug|Any CPU = Debug|Any CPU
		Release|Any CPU = Release|Any CPU
	EndGlobalSection
	GlobalSection(ProjectConfigurationPlatforms) = postSolution
		{C8982478-3C1A-4EF5-A5D5-E8C27E994761}.Debug|Any CPU.ActiveCfg = Debug|Any CPU
		{C8982478-3C1A-4EF5-A5D5-E8C27E994761}.Debug|Any CPU.Build.0 = Debug|Any CPU
		{C8982478-3C1A-4EF5-A5D5-E8C27E994761}.Release|Any CPU.ActiveCfg = Release|Any CPU
		{C8982478-3C1A-4EF5-A5D5-E8C27E994761}.Release|Any CPU.Build.0 = Release|Any CPU
	EndGlobalSection
	GlobalSection(SolutionProperties) = preSolution
		HideSolutionNode = FALSE
	EndGlobalSection
	GlobalSection(ExtensibilityGlobals) = postSolution
		SolutionGuid = {8FB713BD-01F1-4674-92DC-FD671ECD6858}
	EndGlobalSection
EndGlobal
